
Microsoft Visual Studio Solution File, Format Version 12.00
# Visual Studio Version 17
VisualStudioVersion = 17.7.34009.444
MinimumVisualStudioVersion = 10.0.40219.1
Project("{FAE04EC0-301F-11D3-BF4B-00C04F79EFBC}") = "Practico5", "Practico5.csproj", "{3541BCAA-824E-4F5F-AD0D-E6E8560FCE70}"
EndProject
Global
	GlobalSection(SolutionConfigurationPlatforms) = preSolution
		Debug|Any CPU = Debug|Any CPU
		Release|Any CPU = Release|Any CPU
	EndGlobalSection
	GlobalSection(ProjectConfigurationPlatforms) = postSolution
		{3541BCAA-824E-4F5F-AD0D-E6E8560FCE70}.Debug|Any CPU.ActiveCfg = Debug|Any CPU
		{3541BCAA-824E-4F5F-AD0D-E6E8560FCE70}.Debug|Any CPU.Build.0 = Debug|Any CPU
		{3541BCAA-824E-4F5F-AD0D-E6E8560FCE70}.Release|Any CPU.ActiveCfg = Release|Any CPU
		{3541BCAA-824E-4F5F-AD0D-E6E8560FCE70}.Release|Any CPU.Build.0 = Release|Any CPU
	EndGlobalSection
	GlobalSection(SolutionProperties) = preSolution
		HideSolutionNode = FALSE
	EndGlobalSection
	GlobalSection(ExtensibilityGlobals) = postSolution
		SolutionGuid = {4DEAA946-99CC-43CA-9276-AB7D90D43086}
	EndGlobalSection
EndGlobal
