
Microsoft Visual Studio Solution File, Format Version 12.00
# Visual Studio Version 17
VisualStudioVersion = 17.7.34009.444
MinimumVisualStudioVersion = 10.0.40219.1
Project("{FAE04EC0-301F-11D3-BF4B-00C04F79EFBC}") = "Practico4", "Practico4.csproj", "{846D8F43-F2B7-40F2-9532-056223B6A865}"
EndProject
Global
	GlobalSection(SolutionConfigurationPlatforms) = preSolution
		Debug|Any CPU = Debug|Any CPU
		Release|Any CPU = Release|Any CPU
	EndGlobalSection
	GlobalSection(ProjectConfigurationPlatforms) = postSolution
		{846D8F43-F2B7-40F2-9532-056223B6A865}.Debug|Any CPU.ActiveCfg = Debug|Any CPU
		{846D8F43-F2B7-40F2-9532-056223B6A865}.Debug|Any CPU.Build.0 = Debug|Any CPU
		{846D8F43-F2B7-40F2-9532-056223B6A865}.Release|Any CPU.ActiveCfg = Release|Any CPU
		{846D8F43-F2B7-40F2-9532-056223B6A865}.Release|Any CPU.Build.0 = Release|Any CPU
	EndGlobalSection
	GlobalSection(SolutionProperties) = preSolution
		HideSolutionNode = FALSE
	EndGlobalSection
	GlobalSection(ExtensibilityGlobals) = postSolution
		SolutionGuid = {DF0E7118-A2E6-4368-A43E-8F1765509CAF}
	EndGlobalSection
EndGlobal
